
Microsoft Visual Studio Solution File, Format Version 12.00
# Visual Studio 2013
VisualStudioVersion = 12.0.40629.0
MinimumVisualStudioVersion = 10.0.40219.1
Project("{8BC9CEB8-8B4A-11D0-8D11-00A0C91BC942}") = "Cards", "Cards\Cards.vcxproj", "{8F3DF870-4FE0-491D-9714-8CB3DD9031E5}"
EndProject
Project("{8BC9CEB8-8B4A-11D0-8D11-00A0C91BC942}") = "Gtest", "Gtest\Gtest.vcxproj", "{FB9B09D0-4F91-494A-AD5E-0084FDAAC0A6}"
EndProject
Project("{8BC9CEB8-8B4A-11D0-8D11-00A0C91BC942}") = "Cards.Tests", "Cards.Tests\Cards.Tests.vcxproj", "{6AE05450-707B-455C-9BE5-D72C6EC1E435}"
EndProject
Project("{8BC9CEB8-8B4A-11D0-8D11-00A0C91BC942}") = "Decks", "Decks\Decks.vcxproj", "{0E3368AC-1880-401C-86CE-C1F344C95351}"
EndProject
Project("{8BC9CEB8-8B4A-11D0-8D11-00A0C91BC942}") = "Decks.Tests", "Decks.Tests\Decks.Tests.vcxproj", "{19D0FBBF-F5EE-46FF-BA8A-4A87357752C8}"
EndProject
Project("{8BC9CEB8-8B4A-11D0-8D11-00A0C91BC942}") = "Games", "Games\Games.vcxproj", "{664806AC-02FC-4B9A-BFC8-22FFAE614098}"
EndProject
Project("{8BC9CEB8-8B4A-11D0-8D11-00A0C91BC942}") = "Games.Tests", "Games.Tests\Games.Tests.vcxproj", "{1D7820EE-0B98-4168-91E7-603B9BA5C487}"
EndProject
Global
	GlobalSection(SolutionConfigurationPlatforms) = preSolution
		Debug|Win32 = Debug|Win32
		Release|Win32 = Release|Win32
	EndGlobalSection
	GlobalSection(ProjectConfigurationPlatforms) = postSolution
		{8F3DF870-4FE0-491D-9714-8CB3DD9031E5}.Debug|Win32.ActiveCfg = Debug|Win32
		{8F3DF870-4FE0-491D-9714-8CB3DD9031E5}.Debug|Win32.Build.0 = Debug|Win32
		{8F3DF870-4FE0-491D-9714-8CB3DD9031E5}.Release|Win32.ActiveCfg = Release|Win32
		{8F3DF870-4FE0-491D-9714-8CB3DD9031E5}.Release|Win32.Build.0 = Release|Win32
		{FB9B09D0-4F91-494A-AD5E-0084FDAAC0A6}.Debug|Win32.ActiveCfg = Debug|Win32
		{FB9B09D0-4F91-494A-AD5E-0084FDAAC0A6}.Debug|Win32.Build.0 = Debug|Win32
		{FB9B09D0-4F91-494A-AD5E-0084FDAAC0A6}.Release|Win32.ActiveCfg = Release|Win32
		{FB9B09D0-4F91-494A-AD5E-0084FDAAC0A6}.Release|Win32.Build.0 = Release|Win32
		{6AE05450-707B-455C-9BE5-D72C6EC1E435}.Debug|Win32.ActiveCfg = Debug|Win32
		{6AE05450-707B-455C-9BE5-D72C6EC1E435}.Debug|Win32.Build.0 = Debug|Win32
		{6AE05450-707B-455C-9BE5-D72C6EC1E435}.Release|Win32.ActiveCfg = Release|Win32
		{6AE05450-707B-455C-9BE5-D72C6EC1E435}.Release|Win32.Build.0 = Release|Win32
		{0E3368AC-1880-401C-86CE-C1F344C95351}.Debug|Win32.ActiveCfg = Debug|Win32
		{0E3368AC-1880-401C-86CE-C1F344C95351}.Debug|Win32.Build.0 = Debug|Win32
		{0E3368AC-1880-401C-86CE-C1F344C95351}.Release|Win32.ActiveCfg = Release|Win32
		{0E3368AC-1880-401C-86CE-C1F344C95351}.Release|Win32.Build.0 = Release|Win32
		{19D0FBBF-F5EE-46FF-BA8A-4A87357752C8}.Debug|Win32.ActiveCfg = Debug|Win32
		{19D0FBBF-F5EE-46FF-BA8A-4A87357752C8}.Debug|Win32.Build.0 = Debug|Win32
		{19D0FBBF-F5EE-46FF-BA8A-4A87357752C8}.Release|Win32.ActiveCfg = Release|Win32
		{19D0FBBF-F5EE-46FF-BA8A-4A87357752C8}.Release|Win32.Build.0 = Release|Win32
		{664806AC-02FC-4B9A-BFC8-22FFAE614098}.Debug|Win32.ActiveCfg = Debug|Win32
		{664806AC-02FC-4B9A-BFC8-22FFAE614098}.Debug|Win32.Build.0 = Debug|Win32
		{664806AC-02FC-4B9A-BFC8-22FFAE614098}.Release|Win32.ActiveCfg = Release|Win32
		{664806AC-02FC-4B9A-BFC8-22FFAE614098}.Release|Win32.Build.0 = Release|Win32
		{1D7820EE-0B98-4168-91E7-603B9BA5C487}.Debug|Win32.ActiveCfg = Debug|Win32
		{1D7820EE-0B98-4168-91E7-603B9BA5C487}.Debug|Win32.Build.0 = Debug|Win32
		{1D7820EE-0B98-4168-91E7-603B9BA5C487}.Release|Win32.ActiveCfg = Release|Win32
		{1D7820EE-0B98-4168-91E7-603B9BA5C487}.Release|Win32.Build.0 = Release|Win32
	EndGlobalSection
	GlobalSection(SolutionProperties) = preSolution
		HideSolutionNode = FALSE
	EndGlobalSection
EndGlobal
